
Microsoft Visual Studio Solution File, Format Version 12.00
# Visual Studio 2017
Project("{FAE04EC0-301F-11D3-BF4B-00C04F79EFBC}") = "DudeBank&Money.Plugins", "DudeBank&Money.Plugins.csproj", "{A5CD9C26-3F96-EF7F-01C2-55AADB444EE8}"
EndProject
Project("{FAE04EC0-301F-11D3-BF4B-00C04F79EFBC}") = "DudeBank&Money", "DudeBank&Money.csproj", "{25938A7E-98EF-6F34-2552-3FFC413E3179}"
EndProject
Project("{FAE04EC0-301F-11D3-BF4B-00C04F79EFBC}") = "DudeBank&Money.Editor", "DudeBank&Money.Editor.csproj", "{12F87E0B-E928-A0E8-507E-0099EFD4C087}"
EndProject
Project("{FAE04EC0-301F-11D3-BF4B-00C04F79EFBC}") = "DudeBank&Money.Editor.Plugins", "DudeBank&Money.Editor.Plugins.csproj", "{EFAC1177-513A-D749-457B-53D2DB847B9E}"
EndProject
Global
	GlobalSection(SolutionConfigurationPlatforms) = preSolution
		Debug|Any CPU = Debug|Any CPU
		Release|Any CPU = Release|Any CPU
	EndGlobalSection
	GlobalSection(ProjectConfigurationPlatforms) = postSolution
		{A5CD9C26-3F96-EF7F-01C2-55AADB444EE8}.Debug|Any CPU.ActiveCfg = Debug|Any CPU
		{A5CD9C26-3F96-EF7F-01C2-55AADB444EE8}.Debug|Any CPU.Build.0 = Debug|Any CPU
		{A5CD9C26-3F96-EF7F-01C2-55AADB444EE8}.Release|Any CPU.ActiveCfg = Release|Any CPU
		{A5CD9C26-3F96-EF7F-01C2-55AADB444EE8}.Release|Any CPU.Build.0 = Release|Any CPU
		{25938A7E-98EF-6F34-2552-3FFC413E3179}.Debug|Any CPU.ActiveCfg = Debug|Any CPU
		{25938A7E-98EF-6F34-2552-3FFC413E3179}.Debug|Any CPU.Build.0 = Debug|Any CPU
		{25938A7E-98EF-6F34-2552-3FFC413E3179}.Release|Any CPU.ActiveCfg = Release|Any CPU
		{25938A7E-98EF-6F34-2552-3FFC413E3179}.Release|Any CPU.Build.0 = Release|Any CPU
		{12F87E0B-E928-A0E8-507E-0099EFD4C087}.Debug|Any CPU.ActiveCfg = Debug|Any CPU
		{12F87E0B-E928-A0E8-507E-0099EFD4C087}.Debug|Any CPU.Build.0 = Debug|Any CPU
		{12F87E0B-E928-A0E8-507E-0099EFD4C087}.Release|Any CPU.ActiveCfg = Release|Any CPU
		{12F87E0B-E928-A0E8-507E-0099EFD4C087}.Release|Any CPU.Build.0 = Release|Any CPU
		{EFAC1177-513A-D749-457B-53D2DB847B9E}.Debug|Any CPU.ActiveCfg = Debug|Any CPU
		{EFAC1177-513A-D749-457B-53D2DB847B9E}.Debug|Any CPU.Build.0 = Debug|Any CPU
		{EFAC1177-513A-D749-457B-53D2DB847B9E}.Release|Any CPU.ActiveCfg = Release|Any CPU
		{EFAC1177-513A-D749-457B-53D2DB847B9E}.Release|Any CPU.Build.0 = Release|Any CPU
	EndGlobalSection
	GlobalSection(SolutionProperties) = preSolution
		HideSolutionNode = FALSE
	EndGlobalSection
EndGlobal
